Microsoft Visual Studio Solution File, Format Version 12.00
# Visual Studio Version 16
VisualStudioVersion = 16.0.30225.117
MinimumVisualStudioVersion = 10.0.40219.1
Project("{9A19103F-16F7-4668-BE54-9A1E7A4F7556}") = "Vigie.Risques.Tpm.Core", "Vigie.Risques.Tpm.Core\Vigie.Risques.Tpm.Core.csproj", "{ECFDAD46-06EF-4983-AB43-73F04541B21B}"
EndProject
Project("{2150E333-8FDC-42A3-9474-1A3956D46DE8}") = "Tests", "Tests", "{CE399D23-3A62-4DDA-94B1-8312F5D8813E}"
EndProject
Project("{FAE04EC0-301F-11D3-BF4B-00C04F79EFBC}") = "Vigie.Risques.Tpm.UITests", "Vigie.Risques.Tpm.UITests\Vigie.Risques.Tpm.UITests.csproj", "{ED7E7BA4-28F0-4E11-B888-89D8747B48FC}"
EndProject
Project("{FAE04EC0-301F-11D3-BF4B-00C04F79EFBC}") = "Vigie.Risques.Tpm.Tests", "Vigie.Risques.Tpm.Tests\Vigie.Risques.Tpm.Tests.csproj", "{3E6B2473-654A-4F5C-8525-64C0C99637B8}"
EndProject
Project("{FAE04EC0-301F-11D3-BF4B-00C04F79EFBC}") = "Vigie.Risques.Tpm.Droid", "Vigie.Risques.Tpm.Droid\Vigie.Risques.Tpm.Droid.csproj", "{327EB15D-D955-43A0-8EE7-ED08B077EDF2}"
EndProject
Project("{FAE04EC0-301F-11D3-BF4B-00C04F79EFBC}") = "Vigie.Risques.Tpm.iOS", "Vigie.Risques.Tpm.iOS\Vigie.Risques.Tpm.iOS.csproj", "{A2907718-E4D9-45F8-B021-E2C44D45E454}"
EndProject
Project("{2150E333-8FDC-42A3-9474-1A3956D46DE8}") = "Solution Items", "Solution Items", "{652F9565-C675-4804-9FDE-7CF34B5B3971}"
	ProjectSection(SolutionItems) = preProject
		README.md = README.md
		SolutionsItems\Sword.Default.ruleset = SolutionsItems\Sword.Default.ruleset
	EndProjectSection
EndProject
Global
	GlobalSection(SolutionConfigurationPlatforms) = preSolution
		AppStore|Any CPU = AppStore|Any CPU
		AppStore|ARM = AppStore|ARM
		AppStore|iPhone = AppStore|iPhone
		AppStore|iPhoneSimulator = AppStore|iPhoneSimulator
		AppStore|x64 = AppStore|x64
		AppStore|x86 = AppStore|x86
		Debug - Dev|Any CPU = Debug - Dev|Any CPU
		Debug - Dev|ARM = Debug - Dev|ARM
		Debug - Dev|iPhone = Debug - Dev|iPhone
		Debug - Dev|iPhoneSimulator = Debug - Dev|iPhoneSimulator
		Debug - Dev|x64 = Debug - Dev|x64
		Debug - Dev|x86 = Debug - Dev|x86
		Debug - Int|Any CPU = Debug - Int|Any CPU
		Debug - Int|ARM = Debug - Int|ARM
		Debug - Int|iPhone = Debug - Int|iPhone
		Debug - Int|iPhoneSimulator = Debug - Int|iPhoneSimulator
		Debug - Int|x64 = Debug - Int|x64
		Debug - Int|x86 = Debug - Int|x86
		Debug - Prod|Any CPU = Debug - Prod|Any CPU
		Debug - Prod|ARM = Debug - Prod|ARM
		Debug - Prod|iPhone = Debug - Prod|iPhone
		Debug - Prod|iPhoneSimulator = Debug - Prod|iPhoneSimulator
		Debug - Prod|x64 = Debug - Prod|x64
		Debug - Prod|x86 = Debug - Prod|x86
		Debug|Any CPU = Debug|Any CPU
		Debug|ARM = Debug|ARM
		Debug|iPhone = Debug|iPhone
		Debug|iPhoneSimulator = Debug|iPhoneSimulator
		Debug|x64 = Debug|x64
		Debug|x86 = Debug|x86
		Release - Dev|Any CPU = Release - Dev|Any CPU
		Release - Dev|ARM = Release - Dev|ARM
		Release - Dev|iPhone = Release - Dev|iPhone
		Release - Dev|iPhoneSimulator = Release - Dev|iPhoneSimulator
		Release - Dev|x64 = Release - Dev|x64
		Release - Dev|x86 = Release - Dev|x86
		Release - Int|Any CPU = Release - Int|Any CPU
		Release - Int|ARM = Release - Int|ARM
		Release - Int|iPhone = Release - Int|iPhone
		Release - Int|iPhoneSimulator = Release - Int|iPhoneSimulator
		Release - Int|x64 = Release - Int|x64
		Release - Int|x86 = Release - Int|x86
		Release - Prod|Any CPU = Release - Prod|Any CPU
		Release - Prod|ARM = Release - Prod|ARM
		Release - Prod|iPhone = Release - Prod|iPhone
		Release - Prod|iPhoneSimulator = Release - Prod|iPhoneSimulator
		Release - Prod|x64 = Release - Prod|x64
		Release - Prod|x86 = Release - Prod|x86
		Release|Any CPU = Release|Any CPU
		Release|ARM = Release|ARM
		Release|iPhone = Release|iPhone
		Release|iPhoneSimulator = Release|iPhoneSimulator
		Release|x64 = Release|x64
		Release|x86 = Release|x86
	EndGlobalSection
	GlobalSection(ProjectConfigurationPlatforms) = postSolution
		{ECFDAD46-06EF-4983-AB43-73F04541B21B}.AppStore|Any CPU.ActiveCfg = Release - Prod|Any CPU
		{ECFDAD46-06EF-4983-AB43-73F04541B21B}.AppStore|Any CPU.Build.0 = Release - Prod|Any CPU
		{ECFDAD46-06EF-4983-AB43-73F04541B21B}.AppStore|ARM.ActiveCfg = Release - Int|Any CPU
		{ECFDAD46-06EF-4983-AB43-73F04541B21B}.AppStore|ARM.Build.0 = Release - Int|Any CPU
		{ECFDAD46-06EF-4983-AB43-73F04541B21B}.AppStore|iPhone.ActiveCfg = Release - Prod|Any CPU
		{ECFDAD46-06EF-4983-AB43-73F04541B21B}.AppStore|iPhone.Build.0 = Release - Prod|Any CPU
		{ECFDAD46-06EF-4983-AB43-73F04541B21B}.AppStore|iPhoneSimulator.ActiveCfg = Release - Prod|Any CPU
		{ECFDAD46-06EF-4983-AB43-73F04541B21B}.AppStore|iPhoneSimulator.Build.0 = Release - Prod|Any CPU
		{ECFDAD46-06EF-4983-AB43-73F04541B21B}.AppStore|x64.ActiveCfg = Release - Int|Any CPU
		{ECFDAD46-06EF-4983-AB43-73F04541B21B}.AppStore|x64.Build.0 = Release - Int|Any CPU
		{ECFDAD46-06EF-4983-AB43-73F04541B21B}.AppStore|x86.ActiveCfg = Release - Int|Any CPU
		{ECFDAD46-06EF-4983-AB43-73F04541B21B}.AppStore|x86.Build.0 = Release - Int|Any CPU
		{ECFDAD46-06EF-4983-AB43-73F04541B21B}.Debug - Dev|Any CPU.ActiveCfg = Debug - Dev|Any CPU
		{ECFDAD46-06EF-4983-AB43-73F04541B21B}.Debug - Dev|Any CPU.Build.0 = Debug - Dev|Any CPU
		{ECFDAD46-06EF-4983-AB43-73F04541B21B}.Debug - Dev|ARM.ActiveCfg = Debug - Dev|Any CPU
		{ECFDAD46-06EF-4983-AB43-73F04541B21B}.Debug - Dev|ARM.Build.0 = Debug - Dev|Any CPU
		{ECFDAD46-06EF-4983-AB43-73F04541B21B}.Debug - Dev|iPhone.ActiveCfg = Debug - Dev|Any CPU
		{ECFDAD46-06EF-4983-AB43-73F04541B21B}.Debug - Dev|iPhone.Build.0 = Debug - Dev|Any CPU
		{ECFDAD46-06EF-4983-AB43-73F04541B21B}.Debug - Dev|iPhoneSimulator.ActiveCfg = Debug - Dev|Any CPU
		{ECFDAD46-06EF-4983-AB43-73F04541B21B}.Debug - Dev|iPhoneSimulator.Build.0 = Debug - Dev|Any CPU
		{ECFDAD46-06EF-4983-AB43-73F04541B21B}.Debug - Dev|x64.ActiveCfg = Debug - Dev|Any CPU
		{ECFDAD46-06EF-4983-AB43-73F04541B21B}.Debug - Dev|x64.Build.0 = Debug - Dev|Any CPU
		{ECFDAD46-06EF-4983-AB43-73F04541B21B}.Debug - Dev|x86.ActiveCfg = Debug - Dev|Any CPU
		{ECFDAD46-06EF-4983-AB43-73F04541B21B}.Debug - Dev|x86.Build.0 = Debug - Dev|Any CPU
		{ECFDAD46-06EF-4983-AB43-73F04541B21B}.Debug - Int|Any CPU.ActiveCfg = Debug - Int|Any CPU
		{ECFDAD46-06EF-4983-AB43-73F04541B21B}.Debug - Int|Any CPU.Build.0 = Debug - Int|Any CPU
		{ECFDAD46-06EF-4983-AB43-73F04541B21B}.Debug - Int|ARM.ActiveCfg = Debug - Int|Any CPU
		{ECFDAD46-06EF-4983-AB43-73F04541B21B}.Debug - Int|ARM.Build.0 = Debug - Int|Any CPU
		{ECFDAD46-06EF-4983-AB43-73F04541B21B}.Debug - Int|iPhone.ActiveCfg = Debug - Int|Any CPU
		{ECFDAD46-06EF-4983-AB43-73F04541B21B}.Debug - Int|iPhone.Build.0 = Debug - Int|Any CPU
		{ECFDAD46-06EF-4983-AB43-73F04541B21B}.Debug - Int|iPhoneSimulator.ActiveCfg = Debug - Int|Any CPU
		{ECFDAD46-06EF-4983-AB43-73F04541B21B}.Debug - Int|iPhoneSimulator.Build.0 = Debug - Int|Any CPU
		{ECFDAD46-06EF-4983-AB43-73F04541B21B}.Debug - Int|x64.ActiveCfg = Debug - Int|Any CPU
		{ECFDAD46-06EF-4983-AB43-73F04541B21B}.Debug - Int|x64.Build.0 = Debug - Int|Any CPU
		{ECFDAD46-06EF-4983-AB43-73F04541B21B}.Debug - Int|x86.ActiveCfg = Debug - Int|Any CPU
		{ECFDAD46-06EF-4983-AB43-73F04541B21B}.Debug - Int|x86.Build.0 = Debug - Int|Any CPU
		{ECFDAD46-06EF-4983-AB43-73F04541B21B}.Debug - Prod|Any CPU.ActiveCfg = Debug - Prod|Any CPU
		{ECFDAD46-06EF-4983-AB43-73F04541B21B}.Debug - Prod|Any CPU.Build.0 = Debug - Prod|Any CPU
		{ECFDAD46-06EF-4983-AB43-73F04541B21B}.Debug - Prod|ARM.ActiveCfg = Debug - Prod|Any CPU
		{ECFDAD46-06EF-4983-AB43-73F04541B21B}.Debug - Prod|ARM.Build.0 = Debug - Prod|Any CPU
		{ECFDAD46-06EF-4983-AB43-73F04541B21B}.Debug - Prod|iPhone.ActiveCfg = Debug - Prod|Any CPU
		{ECFDAD46-06EF-4983-AB43-73F04541B21B}.Debug - Prod|iPhone.Build.0 = Debug - Prod|Any CPU
		{ECFDAD46-06EF-4983-AB43-73F04541B21B}.Debug - Prod|iPhoneSimulator.ActiveCfg = Debug - Prod|Any CPU
		{ECFDAD46-06EF-4983-AB43-73F04541B21B}.Debug - Prod|iPhoneSimulator.Build.0 = Debug - Prod|Any CPU
		{ECFDAD46-06EF-4983-AB43-73F04541B21B}.Debug - Prod|x64.ActiveCfg = Debug - Prod|Any CPU
		{ECFDAD46-06EF-4983-AB43-73F04541B21B}.Debug - Prod|x64.Build.0 = Debug - Prod|Any CPU
		{ECFDAD46-06EF-4983-AB43-73F04541B21B}.Debug - Prod|x86.ActiveCfg = Debug - Prod|Any CPU
		{ECFDAD46-06EF-4983-AB43-73F04541B21B}.Debug - Prod|x86.Build.0 = Debug - Prod|Any CPU
		{ECFDAD46-06EF-4983-AB43-73F04541B21B}.Debug|Any CPU.ActiveCfg = Debug - Prod|Any CPU
		{ECFDAD46-06EF-4983-AB43-73F04541B21B}.Debug|Any CPU.Build.0 = Debug - Prod|Any CPU
		{ECFDAD46-06EF-4983-AB43-73F04541B21B}.Debug|ARM.ActiveCfg = Debug - Prod|Any CPU
		{ECFDAD46-06EF-4983-AB43-73F04541B21B}.Debug|ARM.Build.0 = Debug - Prod|Any CPU
		{ECFDAD46-06EF-4983-AB43-73F04541B21B}.Debug|iPhone.ActiveCfg = Debug - Prod|Any CPU
		{ECFDAD46-06EF-4983-AB43-73F04541B21B}.Debug|iPhone.Build.0 = Debug - Prod|Any CPU
		{ECFDAD46-06EF-4983-AB43-73F04541B21B}.Debug|iPhoneSimulator.ActiveCfg = Debug - Prod|Any CPU
		{ECFDAD46-06EF-4983-AB43-73F04541B21B}.Debug|iPhoneSimulator.Build.0 = Debug - Prod|Any CPU
		{ECFDAD46-06EF-4983-AB43-73F04541B21B}.Debug|x64.ActiveCfg = Debug - Prod|Any CPU
		{ECFDAD46-06EF-4983-AB43-73F04541B21B}.Debug|x64.Build.0 = Debug - Prod|Any CPU
		{ECFDAD46-06EF-4983-AB43-73F04541B21B}.Debug|x86.ActiveCfg = Debug - Prod|Any CPU
		{ECFDAD46-06EF-4983-AB43-73F04541B21B}.Debug|x86.Build.0 = Debug - Prod|Any CPU
		{ECFDAD46-06EF-4983-AB43-73F04541B21B}.Release - Dev|Any CPU.ActiveCfg = Release - Dev|Any CPU
		{ECFDAD46-06EF-4983-AB43-73F04541B21B}.Release - Dev|Any CPU.Build.0 = Release - Dev|Any CPU
		{ECFDAD46-06EF-4983-AB43-73F04541B21B}.Release - Dev|ARM.ActiveCfg = Release - Dev|Any CPU
		{ECFDAD46-06EF-4983-AB43-73F04541B21B}.Release - Dev|ARM.Build.0 = Release - Dev|Any CPU
		{ECFDAD46-06EF-4983-AB43-73F04541B21B}.Release - Dev|iPhone.ActiveCfg = Release - Dev|Any CPU
		{ECFDAD46-06EF-4983-AB43-73F04541B21B}.Release - Dev|iPhone.Build.0 = Release - Dev|Any CPU
		{ECFDAD46-06EF-4983-AB43-73F04541B21B}.Release - Dev|iPhoneSimulator.ActiveCfg = Release - Dev|Any CPU
		{ECFDAD46-06EF-4983-AB43-73F04541B21B}.Release - Dev|iPhoneSimulator.Build.0 = Release - Dev|Any CPU
		{ECFDAD46-06EF-4983-AB43-73F04541B21B}.Release - Dev|x64.ActiveCfg = Release - Dev|Any CPU
		{ECFDAD46-06EF-4983-AB43-73F04541B21B}.Release - Dev|x64.Build.0 = Release - Dev|Any CPU
		{ECFDAD46-06EF-4983-AB43-73F04541B21B}.Release - Dev|x86.ActiveCfg = Release - Dev|Any CPU
		{ECFDAD46-06EF-4983-AB43-73F04541B21B}.Release - Dev|x86.Build.0 = Release - Dev|Any CPU
		{ECFDAD46-06EF-4983-AB43-73F04541B21B}.Release - Int|Any CPU.ActiveCfg = Release - Int|Any CPU
		{ECFDAD46-06EF-4983-AB43-73F04541B21B}.Release - Int|Any CPU.Build.0 = Release - Int|Any CPU
		{ECFDAD46-06EF-4983-AB43-73F04541B21B}.Release - Int|ARM.ActiveCfg = Release - Int|Any CPU
		{ECFDAD46-06EF-4983-AB43-73F04541B21B}.Release - Int|ARM.Build.0 = Release - Int|Any CPU
		{ECFDAD46-06EF-4983-AB43-73F04541B21B}.Release - Int|iPhone.ActiveCfg = Release - Int|Any CPU
		{ECFDAD46-06EF-4983-AB43-73F04541B21B}.Release - Int|iPhone.Build.0 = Release - Int|Any CPU
		{ECFDAD46-06EF-4983-AB43-73F04541B21B}.Release - Int|iPhoneSimulator.ActiveCfg = Release - Int|Any CPU
		{ECFDAD46-06EF-4983-AB43-73F04541B21B}.Release - Int|iPhoneSimulator.Build.0 = Release - Int|Any CPU
		{ECFDAD46-06EF-4983-AB43-73F04541B21B}.Release - Int|x64.ActiveCfg = Release - Int|Any CPU
		{ECFDAD46-06EF-4983-AB43-73F04541B21B}.Release - Int|x64.Build.0 = Release - Int|Any CPU
		{ECFDAD46-06EF-4983-AB43-73F04541B21B}.Release - Int|x86.ActiveCfg = Release - Int|Any CPU
		{ECFDAD46-06EF-4983-AB43-73F04541B21B}.Release - Int|x86.Build.0 = Release - Int|Any CPU
		{ECFDAD46-06EF-4983-AB43-73F04541B21B}.Release - Prod|Any CPU.ActiveCfg = Release - Prod|Any CPU
		{ECFDAD46-06EF-4983-AB43-73F04541B21B}.Release - Prod|Any CPU.Build.0 = Release - Prod|Any CPU
		{ECFDAD46-06EF-4983-AB43-73F04541B21B}.Release - Prod|ARM.ActiveCfg = Release - Prod|Any CPU
		{ECFDAD46-06EF-4983-AB43-73F04541B21B}.Release - Prod|ARM.Build.0 = Release - Prod|Any CPU
		{ECFDAD46-06EF-4983-AB43-73F04541B21B}.Release - Prod|iPhone.ActiveCfg = Release - Prod|Any CPU
		{ECFDAD46-06EF-4983-AB43-73F04541B21B}.Release - Prod|iPhone.Build.0 = Release - Prod|Any CPU
		{ECFDAD46-06EF-4983-AB43-73F04541B21B}.Release - Prod|iPhoneSimulator.ActiveCfg = Release - Prod|Any CPU
		{ECFDAD46-06EF-4983-AB43-73F04541B21B}.Release - Prod|iPhoneSimulator.Build.0 = Release - Prod|Any CPU
		{ECFDAD46-06EF-4983-AB43-73F04541B21B}.Release - Prod|x64.ActiveCfg = Release - Prod|Any CPU
		{ECFDAD46-06EF-4983-AB43-73F04541B21B}.Release - Prod|x64.Build.0 = Release - Prod|Any CPU
		{ECFDAD46-06EF-4983-AB43-73F04541B21B}.Release - Prod|x86.ActiveCfg = Release - Prod|Any CPU
		{ECFDAD46-06EF-4983-AB43-73F04541B21B}.Release - Prod|x86.Build.0 = Release - Prod|Any CPU
		{ECFDAD46-06EF-4983-AB43-73F04541B21B}.Release|Any CPU.ActiveCfg = Release - Int|Any CPU
		{ECFDAD46-06EF-4983-AB43-73F04541B21B}.Release|Any CPU.Build.0 = Release - Int|Any CPU
		{ECFDAD46-06EF-4983-AB43-73F04541B21B}.Release|ARM.ActiveCfg = Release - Int|Any CPU
		{ECFDAD46-06EF-4983-AB43-73F04541B21B}.Release|ARM.Build.0 = Release - Int|Any CPU
		{ECFDAD46-06EF-4983-AB43-73F04541B21B}.Release|iPhone.ActiveCfg = Release - Int|Any CPU
		{ECFDAD46-06EF-4983-AB43-73F04541B21B}.Release|iPhone.Build.0 = Release - Int|Any CPU
		{ECFDAD46-06EF-4983-AB43-73F04541B21B}.Release|iPhoneSimulator.ActiveCfg = Release - Int|Any CPU
		{ECFDAD46-06EF-4983-AB43-73F04541B21B}.Release|iPhoneSimulator.Build.0 = Release - Int|Any CPU
		{ECFDAD46-06EF-4983-AB43-73F04541B21B}.Release|x64.ActiveCfg = Release - Int|Any CPU
		{ECFDAD46-06EF-4983-AB43-73F04541B21B}.Release|x64.Build.0 = Release - Int|Any CPU
		{ECFDAD46-06EF-4983-AB43-73F04541B21B}.Release|x86.ActiveCfg = Release - Int|Any CPU
		{ECFDAD46-06EF-4983-AB43-73F04541B21B}.Release|x86.Build.0 = Release - Int|Any CPU
		{ED7E7BA4-28F0-4E11-B888-89D8747B48FC}.AppStore|Any CPU.ActiveCfg = Release - Prod|Any CPU
		{ED7E7BA4-28F0-4E11-B888-89D8747B48FC}.AppStore|Any CPU.Build.0 = Release - Prod|Any CPU
		{ED7E7BA4-28F0-4E11-B888-89D8747B48FC}.AppStore|ARM.ActiveCfg = Release - Int|Any CPU
		{ED7E7BA4-28F0-4E11-B888-89D8747B48FC}.AppStore|ARM.Build.0 = Release - Int|Any CPU
		{ED7E7BA4-28F0-4E11-B888-89D8747B48FC}.AppStore|iPhone.ActiveCfg = Release - Prod|Any CPU
		{ED7E7BA4-28F0-4E11-B888-89D8747B48FC}.AppStore|iPhone.Build.0 = Release - Prod|Any CPU
		{ED7E7BA4-28F0-4E11-B888-89D8747B48FC}.AppStore|iPhoneSimulator.ActiveCfg = Release - Prod|Any CPU
		{ED7E7BA4-28F0-4E11-B888-89D8747B48FC}.AppStore|iPhoneSimulator.Build.0 = Release - Prod|Any CPU
		{ED7E7BA4-28F0-4E11-B888-89D8747B48FC}.AppStore|x64.ActiveCfg = Release - Int|Any CPU
		{ED7E7BA4-28F0-4E11-B888-89D8747B48FC}.AppStore|x64.Build.0 = Release - Int|Any CPU
		{ED7E7BA4-28F0-4E11-B888-89D8747B48FC}.AppStore|x86.ActiveCfg = Release - Int|Any CPU
		{ED7E7BA4-28F0-4E11-B888-89D8747B48FC}.AppStore|x86.Build.0 = Release - Int|Any CPU
		{ED7E7BA4-28F0-4E11-B888-89D8747B48FC}.Debug - Dev|Any CPU.ActiveCfg = Debug - Dev|Any CPU
		{ED7E7BA4-28F0-4E11-B888-89D8747B48FC}.Debug - Dev|Any CPU.Build.0 = Debug - Dev|Any CPU
		{ED7E7BA4-28F0-4E11-B888-89D8747B48FC}.Debug - Dev|ARM.ActiveCfg = Debug - Dev|Any CPU
		{ED7E7BA4-28F0-4E11-B888-89D8747B48FC}.Debug - Dev|ARM.Build.0 = Debug - Dev|Any CPU
		{ED7E7BA4-28F0-4E11-B888-89D8747B48FC}.Debug - Dev|iPhone.ActiveCfg = Debug - Dev|Any CPU
		{ED7E7BA4-28F0-4E11-B888-89D8747B48FC}.Debug - Dev|iPhone.Build.0 = Debug - Dev|Any CPU
		{ED7E7BA4-28F0-4E11-B888-89D8747B48FC}.Debug - Dev|iPhoneSimulator.ActiveCfg = Debug - Dev|Any CPU
		{ED7E7BA4-28F0-4E11-B888-89D8747B48FC}.Debug - Dev|iPhoneSimulator.Build.0 = Debug - Dev|Any CPU
		{ED7E7BA4-28F0-4E11-B888-89D8747B48FC}.Debug - Dev|x64.ActiveCfg = Debug - Dev|Any CPU
		{ED7E7BA4-28F0-4E11-B888-89D8747B48FC}.Debug - Dev|x64.Build.0 = Debug - Dev|Any CPU
		{ED7E7BA4-28F0-4E11-B888-89D8747B48FC}.Debug - Dev|x86.ActiveCfg = Debug - Dev|Any CPU
		{ED7E7BA4-28F0-4E11-B888-89D8747B48FC}.Debug - Dev|x86.Build.0 = Debug - Dev|Any CPU
		{ED7E7BA4-28F0-4E11-B888-89D8747B48FC}.Debug - Int|Any CPU.ActiveCfg = Debug - Int|Any CPU
		{ED7E7BA4-28F0-4E11-B888-89D8747B48FC}.Debug - Int|Any CPU.Build.0 = Debug - Int|Any CPU
		{ED7E7BA4-28F0-4E11-B888-89D8747B48FC}.Debug - Int|ARM.ActiveCfg = Debug - Int|Any CPU
		{ED7E7BA4-28F0-4E11-B888-89D8747B48FC}.Debug - Int|ARM.Build.0 = Debug - Int|Any CPU
		{ED7E7BA4-28F0-4E11-B888-89D8747B48FC}.Debug - Int|iPhone.ActiveCfg = Debug - Int|Any CPU
		{ED7E7BA4-28F0-4E11-B888-89D8747B48FC}.Debug - Int|iPhone.Build.0 = Debug - Int|Any CPU
		{ED7E7BA4-28F0-4E11-B888-89D8747B48FC}.Debug - Int|iPhoneSimulator.ActiveCfg = Debug - Int|Any CPU
		{ED7E7BA4-28F0-4E11-B888-89D8747B48FC}.Debug - Int|iPhoneSimulator.Build.0 = Debug - Int|Any CPU
		{ED7E7BA4-28F0-4E11-B888-89D8747B48FC}.Debug - Int|x64.ActiveCfg = Debug - Int|Any CPU
		{ED7E7BA4-28F0-4E11-B888-89D8747B48FC}.Debug - Int|x64.Build.0 = Debug - Int|Any CPU
		{ED7E7BA4-28F0-4E11-B888-89D8747B48FC}.Debug - Int|x86.ActiveCfg = Debug - Int|Any CPU
		{ED7E7BA4-28F0-4E11-B888-89D8747B48FC}.Debug - Int|x86.Build.0 = Debug - Int|Any CPU
		{ED7E7BA4-28F0-4E11-B888-89D8747B48FC}.Debug - Prod|Any CPU.ActiveCfg = Debug - Prod|Any CPU
		{ED7E7BA4-28F0-4E11-B888-89D8747B48FC}.Debug - Prod|Any CPU.Build.0 = Debug - Prod|Any CPU
		{ED7E7BA4-28F0-4E11-B888-89D8747B48FC}.Debug - Prod|ARM.ActiveCfg = Debug - Prod|Any CPU
		{ED7E7BA4-28F0-4E11-B888-89D8747B48FC}.Debug - Prod|ARM.Build.0 = Debug - Prod|Any CPU
		{ED7E7BA4-28F0-4E11-B888-89D8747B48FC}.Debug - Prod|iPhone.ActiveCfg = Debug - Prod|Any CPU
		{ED7E7BA4-28F0-4E11-B888-89D8747B48FC}.Debug - Prod|iPhone.Build.0 = Debug - Prod|Any CPU
		{ED7E7BA4-28F0-4E11-B888-89D8747B48FC}.Debug - Prod|iPhoneSimulator.ActiveCfg = Debug - Prod|Any CPU
		{ED7E7BA4-28F0-4E11-B888-89D8747B48FC}.Debug - Prod|iPhoneSimulator.Build.0 = Debug - Prod|Any CPU
		{ED7E7BA4-28F0-4E11-B888-89D8747B48FC}.Debug - Prod|x64.ActiveCfg = Debug - Prod|Any CPU
		{ED7E7BA4-28F0-4E11-B888-89D8747B48FC}.Debug - Prod|x64.Build.0 = Debug - Prod|Any CPU
		{ED7E7BA4-28F0-4E11-B888-89D8747B48FC}.Debug - Prod|x86.ActiveCfg = Debug - Prod|Any CPU
		{ED7E7BA4-28F0-4E11-B888-89D8747B48FC}.Debug - Prod|x86.Build.0 = Debug - Prod|Any CPU
		{ED7E7BA4-28F0-4E11-B888-89D8747B48FC}.Debug|Any CPU.ActiveCfg = Debug - Prod|Any CPU
		{ED7E7BA4-28F0-4E11-B888-89D8747B48FC}.Debug|Any CPU.Build.0 = Debug - Prod|Any CPU
		{ED7E7BA4-28F0-4E11-B888-89D8747B48FC}.Debug|ARM.ActiveCfg = Debug - Prod|Any CPU
		{ED7E7BA4-28F0-4E11-B888-89D8747B48FC}.Debug|ARM.Build.0 = Debug - Prod|Any CPU
		{ED7E7BA4-28F0-4E11-B888-89D8747B48FC}.Debug|iPhone.ActiveCfg = Debug - Prod|Any CPU
		{ED7E7BA4-28F0-4E11-B888-89D8747B48FC}.Debug|iPhone.Build.0 = Debug - Prod|Any CPU
		{ED7E7BA4-28F0-4E11-B888-89D8747B48FC}.Debug|iPhoneSimulator.ActiveCfg = Debug - Prod|Any CPU
		{ED7E7BA4-28F0-4E11-B888-89D8747B48FC}.Debug|iPhoneSimulator.Build.0 = Debug - Prod|Any CPU
		{ED7E7BA4-28F0-4E11-B888-89D8747B48FC}.Debug|x64.ActiveCfg = Debug - Prod|Any CPU
		{ED7E7BA4-28F0-4E11-B888-89D8747B48FC}.Debug|x64.Build.0 = Debug - Prod|Any CPU
		{ED7E7BA4-28F0-4E11-B888-89D8747B48FC}.Debug|x86.ActiveCfg = Debug - Prod|Any CPU
		{ED7E7BA4-28F0-4E11-B888-89D8747B48FC}.Debug|x86.Build.0 = Debug - Prod|Any CPU
		{ED7E7BA4-28F0-4E11-B888-89D8747B48FC}.Release - Dev|Any CPU.ActiveCfg = Release - Dev|Any CPU
		{ED7E7BA4-28F0-4E11-B888-89D8747B48FC}.Release - Dev|Any CPU.Build.0 = Release - Dev|Any CPU
		{ED7E7BA4-28F0-4E11-B888-89D8747B48FC}.Release - Dev|ARM.ActiveCfg = Release - Dev|Any CPU
		{ED7E7BA4-28F0-4E11-B888-89D8747B48FC}.Release - Dev|ARM.Build.0 = Release - Dev|Any CPU
		{ED7E7BA4-28F0-4E11-B888-89D8747B48FC}.Release - Dev|iPhone.ActiveCfg = Release - Dev|Any CPU
		{ED7E7BA4-28F0-4E11-B888-89D8747B48FC}.Release - Dev|iPhone.Build.0 = Release - Dev|Any CPU
		{ED7E7BA4-28F0-4E11-B888-89D8747B48FC}.Release - Dev|iPhoneSimulator.ActiveCfg = Release - Dev|Any CPU
		{ED7E7BA4-28F0-4E11-B888-89D8747B48FC}.Release - Dev|iPhoneSimulator.Build.0 = Release - Dev|Any CPU
		{ED7E7BA4-28F0-4E11-B888-89D8747B48FC}.Release - Dev|x64.ActiveCfg = Release - Dev|Any CPU
		{ED7E7BA4-28F0-4E11-B888-89D8747B48FC}.Release - Dev|x64.Build.0 = Release - Dev|Any CPU
		{ED7E7BA4-28F0-4E11-B888-89D8747B48FC}.Release - Dev|x86.ActiveCfg = Release - Dev|Any CPU
		{ED7E7BA4-28F0-4E11-B888-89D8747B48FC}.Release - Dev|x86.Build.0 = Release - Dev|Any CPU
		{ED7E7BA4-28F0-4E11-B888-89D8747B48FC}.Release - Int|Any CPU.ActiveCfg = Release - Int|Any CPU
		{ED7E7BA4-28F0-4E11-B888-89D8747B48FC}.Release - Int|Any CPU.Build.0 = Release - Int|Any CPU
		{ED7E7BA4-28F0-4E11-B888-89D8747B48FC}.Release - Int|ARM.ActiveCfg = Release - Int|Any CPU
		{ED7E7BA4-28F0-4E11-B888-89D8747B48FC}.Release - Int|ARM.Build.0 = Release - Int|Any CPU
		{ED7E7BA4-28F0-4E11-B888-89D8747B48FC}.Release - Int|iPhone.ActiveCfg = Release - Int|Any CPU
		{ED7E7BA4-28F0-4E11-B888-89D8747B48FC}.Release - Int|iPhone.Build.0 = Release - Int|Any CPU
		{ED7E7BA4-28F0-4E11-B888-89D8747B48FC}.Release - Int|iPhoneSimulator.ActiveCfg = Release - Int|Any CPU
		{ED7E7BA4-28F0-4E11-B888-89D8747B48FC}.Release - Int|iPhoneSimulator.Build.0 = Release - Int|Any CPU
		{ED7E7BA4-28F0-4E11-B888-89D8747B48FC}.Release - Int|x64.ActiveCfg = Release - Int|Any CPU
		{ED7E7BA4-28F0-4E11-B888-89D8747B48FC}.Release - Int|x64.Build.0 = Release - Int|Any CPU
		{ED7E7BA4-28F0-4E11-B888-89D8747B48FC}.Release - Int|x86.ActiveCfg = Release - Int|Any CPU
		{ED7E7BA4-28F0-4E11-B888-89D8747B48FC}.Release - Int|x86.Build.0 = Release - Int|Any CPU
		{ED7E7BA4-28F0-4E11-B888-89D8747B48FC}.Release - Prod|Any CPU.ActiveCfg = Release - Prod|Any CPU
		{ED7E7BA4-28F0-4E11-B888-89D8747B48FC}.Release - Prod|Any CPU.Build.0 = Release - Prod|Any CPU
		{ED7E7BA4-28F0-4E11-B888-89D8747B48FC}.Release - Prod|ARM.ActiveCfg = Release - Prod|Any CPU
		{ED7E7BA4-28F0-4E11-B888-89D8747B48FC}.Release - Prod|ARM.Build.0 = Release - Prod|Any CPU
		{ED7E7BA4-28F0-4E11-B888-89D8747B48FC}.Release - Prod|iPhone.ActiveCfg = Release - Prod|Any CPU
		{ED7E7BA4-28F0-4E11-B888-89D8747B48FC}.Release - Prod|iPhone.Build.0 = Release - Prod|Any CPU
		{ED7E7BA4-28F0-4E11-B888-89D8747B48FC}.Release - Prod|iPhoneSimulator.ActiveCfg = Release - Prod|Any CPU
		{ED7E7BA4-28F0-4E11-B888-89D8747B48FC}.Release - Prod|iPhoneSimulator.Build.0 = Release - Prod|Any CPU
		{ED7E7BA4-28F0-4E11-B888-89D8747B48FC}.Release - Prod|x64.ActiveCfg = Release - Prod|Any CPU
		{ED7E7BA4-28F0-4E11-B888-89D8747B48FC}.Release - Prod|x64.Build.0 = Release - Prod|Any CPU
		{ED7E7BA4-28F0-4E11-B888-89D8747B48FC}.Release - Prod|x86.ActiveCfg = Release - Prod|Any CPU
		{ED7E7BA4-28F0-4E11-B888-89D8747B48FC}.Release - Prod|x86.Build.0 = Release - Prod|Any CPU
		{ED7E7BA4-28F0-4E11-B888-89D8747B48FC}.Release|Any CPU.ActiveCfg = Release - Int|Any CPU
		{ED7E7BA4-28F0-4E11-B888-89D8747B48FC}.Release|Any CPU.Build.0 = Release - Int|Any CPU
		{ED7E7BA4-28F0-4E11-B888-89D8747B48FC}.Release|ARM.ActiveCfg = Release - Int|Any CPU
		{ED7E7BA4-28F0-4E11-B888-89D8747B48FC}.Release|ARM.Build.0 = Release - Int|Any CPU
		{ED7E7BA4-28F0-4E11-B888-89D8747B48FC}.Release|iPhone.ActiveCfg = Release - Int|Any CPU
		{ED7E7BA4-28F0-4E11-B888-89D8747B48FC}.Release|iPhone.Build.0 = Release - Int|Any CPU
		{ED7E7BA4-28F0-4E11-B888-89D8747B48FC}.Release|iPhoneSimulator.ActiveCfg = Release - Int|Any CPU
		{ED7E7BA4-28F0-4E11-B888-89D8747B48FC}.Release|iPhoneSimulator.Build.0 = Release - Int|Any CPU
		{ED7E7BA4-28F0-4E11-B888-89D8747B48FC}.Release|x64.ActiveCfg = Release - Int|Any CPU
		{ED7E7BA4-28F0-4E11-B888-89D8747B48FC}.Release|x64.Build.0 = Release - Int|Any CPU
		{ED7E7BA4-28F0-4E11-B888-89D8747B48FC}.Release|x86.ActiveCfg = Release - Int|Any CPU
		{ED7E7BA4-28F0-4E11-B888-89D8747B48FC}.Release|x86.Build.0 = Release - Int|Any CPU
		{3E6B2473-654A-4F5C-8525-64C0C99637B8}.AppStore|Any CPU.ActiveCfg = Release - Prod|Any CPU
		{3E6B2473-654A-4F5C-8525-64C0C99637B8}.AppStore|Any CPU.Build.0 = Release - Prod|Any CPU
		{3E6B2473-654A-4F5C-8525-64C0C99637B8}.AppStore|ARM.ActiveCfg = Release - Int|Any CPU
		{3E6B2473-654A-4F5C-8525-64C0C99637B8}.AppStore|ARM.Build.0 = Release - Int|Any CPU
		{3E6B2473-654A-4F5C-8525-64C0C99637B8}.AppStore|iPhone.ActiveCfg = Release - Prod|Any CPU
		{3E6B2473-654A-4F5C-8525-64C0C99637B8}.AppStore|iPhone.Build.0 = Release - Prod|Any CPU
		{3E6B2473-654A-4F5C-8525-64C0C99637B8}.AppStore|iPhoneSimulator.ActiveCfg = Release - Prod|Any CPU
		{3E6B2473-654A-4F5C-8525-64C0C99637B8}.AppStore|iPhoneSimulator.Build.0 = Release - Prod|Any CPU
		{3E6B2473-654A-4F5C-8525-64C0C99637B8}.AppStore|x64.ActiveCfg = Release - Int|Any CPU
		{3E6B2473-654A-4F5C-8525-64C0C99637B8}.AppStore|x64.Build.0 = Release - Int|Any CPU
		{3E6B2473-654A-4F5C-8525-64C0C99637B8}.AppStore|x86.ActiveCfg = Release - Int|Any CPU
		{3E6B2473-654A-4F5C-8525-64C0C99637B8}.AppStore|x86.Build.0 = Release - Int|Any CPU
		{3E6B2473-654A-4F5C-8525-64C0C99637B8}.Debug - Dev|Any CPU.ActiveCfg = Debug - Dev|Any CPU
		{3E6B2473-654A-4F5C-8525-64C0C99637B8}.Debug - Dev|Any CPU.Build.0 = Debug - Dev|Any CPU
		{3E6B2473-654A-4F5C-8525-64C0C99637B8}.Debug - Dev|ARM.ActiveCfg = Debug - Dev|Any CPU
		{3E6B2473-654A-4F5C-8525-64C0C99637B8}.Debug - Dev|ARM.Build.0 = Debug - Dev|Any CPU
		{3E6B2473-654A-4F5C-8525-64C0C99637B8}.Debug - Dev|iPhone.ActiveCfg = Debug - Dev|Any CPU
		{3E6B2473-654A-4F5C-8525-64C0C99637B8}.Debug - Dev|iPhone.Build.0 = Debug - Dev|Any CPU
		{3E6B2473-654A-4F5C-8525-64C0C99637B8}.Debug - Dev|iPhoneSimulator.ActiveCfg = Debug - Dev|Any CPU
		{3E6B2473-654A-4F5C-8525-64C0C99637B8}.Debug - Dev|iPhoneSimulator.Build.0 = Debug - Dev|Any CPU
		{3E6B2473-654A-4F5C-8525-64C0C99637B8}.Debug - Dev|x64.ActiveCfg = Debug - Dev|Any CPU
		{3E6B2473-654A-4F5C-8525-64C0C99637B8}.Debug - Dev|x64.Build.0 = Debug - Dev|Any CPU
		{3E6B2473-654A-4F5C-8525-64C0C99637B8}.Debug - Dev|x86.ActiveCfg = Debug - Dev|Any CPU
		{3E6B2473-654A-4F5C-8525-64C0C99637B8}.Debug - Dev|x86.Build.0 = Debug - Dev|Any CPU
		{3E6B2473-654A-4F5C-8525-64C0C99637B8}.Debug - Int|Any CPU.ActiveCfg = Debug - Int|Any CPU
		{3E6B2473-654A-4F5C-8525-64C0C99637B8}.Debug - Int|Any CPU.Build.0 = Debug - Int|Any CPU
		{3E6B2473-654A-4F5C-8525-64C0C99637B8}.Debug - Int|ARM.ActiveCfg = Debug - Int|Any CPU
		{3E6B2473-654A-4F5C-8525-64C0C99637B8}.Debug - Int|ARM.Build.0 = Debug - Int|Any CPU
		{3E6B2473-654A-4F5C-8525-64C0C99637B8}.Debug - Int|iPhone.ActiveCfg = Debug - Int|Any CPU
		{3E6B2473-654A-4F5C-8525-64C0C99637B8}.Debug - Int|iPhone.Build.0 = Debug - Int|Any CPU
		{3E6B2473-654A-4F5C-8525-64C0C99637B8}.Debug - Int|iPhoneSimulator.ActiveCfg = Debug - Int|Any CPU
		{3E6B2473-654A-4F5C-8525-64C0C99637B8}.Debug - Int|iPhoneSimulator.Build.0 = Debug - Int|Any CPU
		{3E6B2473-654A-4F5C-8525-64C0C99637B8}.Debug - Int|x64.ActiveCfg = Debug - Int|Any CPU
		{3E6B2473-654A-4F5C-8525-64C0C99637B8}.Debug - Int|x64.Build.0 = Debug - Int|Any CPU
		{3E6B2473-654A-4F5C-8525-64C0C99637B8}.Debug - Int|x86.ActiveCfg = Debug - Int|Any CPU
		{3E6B2473-654A-4F5C-8525-64C0C99637B8}.Debug - Int|x86.Build.0 = Debug - Int|Any CPU
		{3E6B2473-654A-4F5C-8525-64C0C99637B8}.Debug - Prod|Any CPU.ActiveCfg = Debug - Prod|Any CPU
		{3E6B2473-654A-4F5C-8525-64C0C99637B8}.Debug - Prod|Any CPU.Build.0 = Debug - Prod|Any CPU
		{3E6B2473-654A-4F5C-8525-64C0C99637B8}.Debug - Prod|ARM.ActiveCfg = Debug - Prod|Any CPU
		{3E6B2473-654A-4F5C-8525-64C0C99637B8}.Debug - Prod|ARM.Build.0 = Debug - Prod|Any CPU
		{3E6B2473-654A-4F5C-8525-64C0C99637B8}.Debug - Prod|iPhone.ActiveCfg = Debug - Prod|Any CPU
		{3E6B2473-654A-4F5C-8525-64C0C99637B8}.Debug - Prod|iPhone.Build.0 = Debug - Prod|Any CPU
		{3E6B2473-654A-4F5C-8525-64C0C99637B8}.Debug - Prod|iPhoneSimulator.ActiveCfg = Debug - Prod|Any CPU
		{3E6B2473-654A-4F5C-8525-64C0C99637B8}.Debug - Prod|iPhoneSimulator.Build.0 = Debug - Prod|Any CPU
		{3E6B2473-654A-4F5C-8525-64C0C99637B8}.Debug - Prod|x64.ActiveCfg = Debug - Prod|Any CPU
		{3E6B2473-654A-4F5C-8525-64C0C99637B8}.Debug - Prod|x64.Build.0 = Debug - Prod|Any CPU
		{3E6B2473-654A-4F5C-8525-64C0C99637B8}.Debug - Prod|x86.ActiveCfg = Debug - Prod|Any CPU
		{3E6B2473-654A-4F5C-8525-64C0C99637B8}.Debug - Prod|x86.Build.0 = Debug - Prod|Any CPU
		{3E6B2473-654A-4F5C-8525-64C0C99637B8}.Debug|Any CPU.ActiveCfg = Debug - Prod|Any CPU
		{3E6B2473-654A-4F5C-8525-64C0C99637B8}.Debug|Any CPU.Build.0 = Debug - Prod|Any CPU
		{3E6B2473-654A-4F5C-8525-64C0C99637B8}.Debug|ARM.ActiveCfg = Debug - Prod|Any CPU
		{3E6B2473-654A-4F5C-8525-64C0C99637B8}.Debug|ARM.Build.0 = Debug - Prod|Any CPU
		{3E6B2473-654A-4F5C-8525-64C0C99637B8}.Debug|iPhone.ActiveCfg = Debug - Prod|Any CPU
		{3E6B2473-654A-4F5C-8525-64C0C99637B8}.Debug|iPhone.Build.0 = Debug - Prod|Any CPU
		{3E6B2473-654A-4F5C-8525-64C0C99637B8}.Debug|iPhoneSimulator.ActiveCfg = Debug - Prod|Any CPU
		{3E6B2473-654A-4F5C-8525-64C0C99637B8}.Debug|iPhoneSimulator.Build.0 = Debug - Prod|Any CPU
		{3E6B2473-654A-4F5C-8525-64C0C99637B8}.Debug|x64.ActiveCfg = Debug - Prod|Any CPU
		{3E6B2473-654A-4F5C-8525-64C0C99637B8}.Debug|x64.Build.0 = Debug - Prod|Any CPU
		{3E6B2473-654A-4F5C-8525-64C0C99637B8}.Debug|x86.ActiveCfg = Debug - Prod|Any CPU
		{3E6B2473-654A-4F5C-8525-64C0C99637B8}.Debug|x86.Build.0 = Debug - Prod|Any CPU
		{3E6B2473-654A-4F5C-8525-64C0C99637B8}.Release - Dev|Any CPU.ActiveCfg = Release - Dev|Any CPU
		{3E6B2473-654A-4F5C-8525-64C0C99637B8}.Release - Dev|Any CPU.Build.0 = Release - Dev|Any CPU
		{3E6B2473-654A-4F5C-8525-64C0C99637B8}.Release - Dev|ARM.ActiveCfg = Release - Dev|Any CPU
		{3E6B2473-654A-4F5C-8525-64C0C99637B8}.Release - Dev|ARM.Build.0 = Release - Dev|Any CPU
		{3E6B2473-654A-4F5C-8525-64C0C99637B8}.Release - Dev|iPhone.ActiveCfg = Release - Dev|Any CPU
		{3E6B2473-654A-4F5C-8525-64C0C99637B8}.Release - Dev|iPhone.Build.0 = Release - Dev|Any CPU
		{3E6B2473-654A-4F5C-8525-64C0C99637B8}.Release - Dev|iPhoneSimulator.ActiveCfg = Release - Dev|Any CPU
		{3E6B2473-654A-4F5C-8525-64C0C99637B8}.Release - Dev|iPhoneSimulator.Build.0 = Release - Dev|Any CPU
		{3E6B2473-654A-4F5C-8525-64C0C99637B8}.Release - Dev|x64.ActiveCfg = Release - Dev|Any CPU
		{3E6B2473-654A-4F5C-8525-64C0C99637B8}.Release - Dev|x64.Build.0 = Release - Dev|Any CPU
		{3E6B2473-654A-4F5C-8525-64C0C99637B8}.Release - Dev|x86.ActiveCfg = Release - Dev|Any CPU
		{3E6B2473-654A-4F5C-8525-64C0C99637B8}.Release - Dev|x86.Build.0 = Release - Dev|Any CPU
		{3E6B2473-654A-4F5C-8525-64C0C99637B8}.Release - Int|Any CPU.ActiveCfg = Release - Int|Any CPU
		{3E6B2473-654A-4F5C-8525-64C0C99637B8}.Release - Int|Any CPU.Build.0 = Release - Int|Any CPU
		{3E6B2473-654A-4F5C-8525-64C0C99637B8}.Release - Int|ARM.ActiveCfg = Release - Int|Any CPU
		{3E6B2473-654A-4F5C-8525-64C0C99637B8}.Release - Int|ARM.Build.0 = Release - Int|Any CPU
		{3E6B2473-654A-4F5C-8525-64C0C99637B8}.Release - Int|iPhone.ActiveCfg = Release - Int|Any CPU
		{3E6B2473-654A-4F5C-8525-64C0C99637B8}.Release - Int|iPhone.Build.0 = Release - Int|Any CPU
		{3E6B2473-654A-4F5C-8525-64C0C99637B8}.Release - Int|iPhoneSimulator.ActiveCfg = Release - Int|Any CPU
		{3E6B2473-654A-4F5C-8525-64C0C99637B8}.Release - Int|iPhoneSimulator.Build.0 = Release - Int|Any CPU
		{3E6B2473-654A-4F5C-8525-64C0C99637B8}.Release - Int|x64.ActiveCfg = Release - Int|Any CPU
		{3E6B2473-654A-4F5C-8525-64C0C99637B8}.Release - Int|x64.Build.0 = Release - Int|Any CPU
		{3E6B2473-654A-4F5C-8525-64C0C99637B8}.Release - Int|x86.ActiveCfg = Release - Int|Any CPU
		{3E6B2473-654A-4F5C-8525-64C0C99637B8}.Release - Int|x86.Build.0 = Release - Int|Any CPU
		{3E6B2473-654A-4F5C-8525-64C0C99637B8}.Release - Prod|Any CPU.ActiveCfg = Release - Prod|Any CPU
		{3E6B2473-654A-4F5C-8525-64C0C99637B8}.Release - Prod|Any CPU.Build.0 = Release - Prod|Any CPU
		{3E6B2473-654A-4F5C-8525-64C0C99637B8}.Release - Prod|ARM.ActiveCfg = Release - Prod|Any CPU
		{3E6B2473-654A-4F5C-8525-64C0C99637B8}.Release - Prod|ARM.Build.0 = Release - Prod|Any CPU
		{3E6B2473-654A-4F5C-8525-64C0C99637B8}.Release - Prod|iPhone.ActiveCfg = Release - Prod|Any CPU
		{3E6B2473-654A-4F5C-8525-64C0C99637B8}.Release - Prod|iPhone.Build.0 = Release - Prod|Any CPU
		{3E6B2473-654A-4F5C-8525-64C0C99637B8}.Release - Prod|iPhoneSimulator.ActiveCfg = Release - Prod|Any CPU
		{3E6B2473-654A-4F5C-8525-64C0C99637B8}.Release - Prod|iPhoneSimulator.Build.0 = Release - Prod|Any CPU
		{3E6B2473-654A-4F5C-8525-64C0C99637B8}.Release - Prod|x64.ActiveCfg = Release - Prod|Any CPU
		{3E6B2473-654A-4F5C-8525-64C0C99637B8}.Release - Prod|x64.Build.0 = Release - Prod|Any CPU
		{3E6B2473-654A-4F5C-8525-64C0C99637B8}.Release - Prod|x86.ActiveCfg = Release - Prod|Any CPU
		{3E6B2473-654A-4F5C-8525-64C0C99637B8}.Release - Prod|x86.Build.0 = Release - Prod|Any CPU
		{3E6B2473-654A-4F5C-8525-64C0C99637B8}.Release|Any CPU.ActiveCfg = Release - Int|Any CPU
		{3E6B2473-654A-4F5C-8525-64C0C99637B8}.Release|Any CPU.Build.0 = Release - Int|Any CPU
		{3E6B2473-654A-4F5C-8525-64C0C99637B8}.Release|ARM.ActiveCfg = Release - Int|Any CPU
		{3E6B2473-654A-4F5C-8525-64C0C99637B8}.Release|ARM.Build.0 = Release - Int|Any CPU
		{3E6B2473-654A-4F5C-8525-64C0C99637B8}.Release|iPhone.ActiveCfg = Release - Int|Any CPU
		{3E6B2473-654A-4F5C-8525-64C0C99637B8}.Release|iPhone.Build.0 = Release - Int|Any CPU
		{3E6B2473-654A-4F5C-8525-64C0C99637B8}.Release|iPhoneSimulator.ActiveCfg = Release - Int|Any CPU
		{3E6B2473-654A-4F5C-8525-64C0C99637B8}.Release|iPhoneSimulator.Build.0 = Release - Int|Any CPU
		{3E6B2473-654A-4F5C-8525-64C0C99637B8}.Release|x64.ActiveCfg = Release - Int|Any CPU
		{3E6B2473-654A-4F5C-8525-64C0C99637B8}.Release|x64.Build.0 = Release - Int|Any CPU
		{3E6B2473-654A-4F5C-8525-64C0C99637B8}.Release|x86.ActiveCfg = Release - Int|Any CPU
		{3E6B2473-654A-4F5C-8525-64C0C99637B8}.Release|x86.Build.0 = Release - Int|Any CPU
		{327EB15D-D955-43A0-8EE7-ED08B077EDF2}.AppStore|Any CPU.ActiveCfg = Release - Prod|Any CPU
		{327EB15D-D955-43A0-8EE7-ED08B077EDF2}.AppStore|Any CPU.Build.0 = Release - Prod|Any CPU
		{327EB15D-D955-43A0-8EE7-ED08B077EDF2}.AppStore|Any CPU.Deploy.0 = Release - Prod|Any CPU
		{327EB15D-D955-43A0-8EE7-ED08B077EDF2}.AppStore|ARM.ActiveCfg = Release - Int|Any CPU
		{327EB15D-D955-43A0-8EE7-ED08B077EDF2}.AppStore|ARM.Build.0 = Release - Int|Any CPU
		{327EB15D-D955-43A0-8EE7-ED08B077EDF2}.AppStore|ARM.Deploy.0 = Release - Int|Any CPU
		{327EB15D-D955-43A0-8EE7-ED08B077EDF2}.AppStore|iPhone.ActiveCfg = Release - Prod|Any CPU
		{327EB15D-D955-43A0-8EE7-ED08B077EDF2}.AppStore|iPhone.Build.0 = Release - Prod|Any CPU
		{327EB15D-D955-43A0-8EE7-ED08B077EDF2}.AppStore|iPhone.Deploy.0 = Release - Prod|Any CPU
		{327EB15D-D955-43A0-8EE7-ED08B077EDF2}.AppStore|iPhoneSimulator.ActiveCfg = Release - Prod|Any CPU
		{327EB15D-D955-43A0-8EE7-ED08B077EDF2}.AppStore|iPhoneSimulator.Build.0 = Release - Prod|Any CPU
		{327EB15D-D955-43A0-8EE7-ED08B077EDF2}.AppStore|iPhoneSimulator.Deploy.0 = Release - Prod|Any CPU
		{327EB15D-D955-43A0-8EE7-ED08B077EDF2}.AppStore|x64.ActiveCfg = Release - Int|Any CPU
		{327EB15D-D955-43A0-8EE7-ED08B077EDF2}.AppStore|x64.Build.0 = Release - Int|Any CPU
		{327EB15D-D955-43A0-8EE7-ED08B077EDF2}.AppStore|x64.Deploy.0 = Release - Int|Any CPU
		{327EB15D-D955-43A0-8EE7-ED08B077EDF2}.AppStore|x86.ActiveCfg = Release - Int|Any CPU
		{327EB15D-D955-43A0-8EE7-ED08B077EDF2}.AppStore|x86.Build.0 = Release - Int|Any CPU
		{327EB15D-D955-43A0-8EE7-ED08B077EDF2}.AppStore|x86.Deploy.0 = Release - Int|Any CPU
		{327EB15D-D955-43A0-8EE7-ED08B077EDF2}.Debug - Dev|Any CPU.ActiveCfg = Debug - Dev|Any CPU
		{327EB15D-D955-43A0-8EE7-ED08B077EDF2}.Debug - Dev|Any CPU.Build.0 = Debug - Dev|Any CPU
		{327EB15D-D955-43A0-8EE7-ED08B077EDF2}.Debug - Dev|Any CPU.Deploy.0 = Debug - Dev|Any CPU
		{327EB15D-D955-43A0-8EE7-ED08B077EDF2}.Debug - Dev|ARM.ActiveCfg = Debug - Dev|Any CPU
		{327EB15D-D955-43A0-8EE7-ED08B077EDF2}.Debug - Dev|ARM.Build.0 = Debug - Dev|Any CPU
		{327EB15D-D955-43A0-8EE7-ED08B077EDF2}.Debug - Dev|ARM.Deploy.0 = Debug - Dev|Any CPU
		{327EB15D-D955-43A0-8EE7-ED08B077EDF2}.Debug - Dev|iPhone.ActiveCfg = Debug - Dev|Any CPU
		{327EB15D-D955-43A0-8EE7-ED08B077EDF2}.Debug - Dev|iPhone.Build.0 = Debug - Dev|Any CPU
		{327EB15D-D955-43A0-8EE7-ED08B077EDF2}.Debug - Dev|iPhone.Deploy.0 = Debug - Dev|Any CPU
		{327EB15D-D955-43A0-8EE7-ED08B077EDF2}.Debug - Dev|iPhoneSimulator.ActiveCfg = Debug - Dev|Any CPU
		{327EB15D-D955-43A0-8EE7-ED08B077EDF2}.Debug - Dev|iPhoneSimulator.Build.0 = Debug - Dev|Any CPU
		{327EB15D-D955-43A0-8EE7-ED08B077EDF2}.Debug - Dev|iPhoneSimulator.Deploy.0 = Debug - Dev|Any CPU
		{327EB15D-D955-43A0-8EE7-ED08B077EDF2}.Debug - Dev|x64.ActiveCfg = Debug - Dev|Any CPU
		{327EB15D-D955-43A0-8EE7-ED08B077EDF2}.Debug - Dev|x64.Build.0 = Debug - Dev|Any CPU
		{327EB15D-D955-43A0-8EE7-ED08B077EDF2}.Debug - Dev|x64.Deploy.0 = Debug - Dev|Any CPU
		{327EB15D-D955-43A0-8EE7-ED08B077EDF2}.Debug - Dev|x86.ActiveCfg = Debug - Dev|Any CPU
		{327EB15D-D955-43A0-8EE7-ED08B077EDF2}.Debug - Dev|x86.Build.0 = Debug - Dev|Any CPU
		{327EB15D-D955-43A0-8EE7-ED08B077EDF2}.Debug - Dev|x86.Deploy.0 = Debug - Dev|Any CPU
		{327EB15D-D955-43A0-8EE7-ED08B077EDF2}.Debug - Int|Any CPU.ActiveCfg = Debug - Int|Any CPU
		{327EB15D-D955-43A0-8EE7-ED08B077EDF2}.Debug - Int|Any CPU.Build.0 = Debug - Int|Any CPU
		{327EB15D-D955-43A0-8EE7-ED08B077EDF2}.Debug - Int|Any CPU.Deploy.0 = Debug - Int|Any CPU
		{327EB15D-D955-43A0-8EE7-ED08B077EDF2}.Debug - Int|ARM.ActiveCfg = Debug - Int|Any CPU
		{327EB15D-D955-43A0-8EE7-ED08B077EDF2}.Debug - Int|ARM.Build.0 = Debug - Int|Any CPU
		{327EB15D-D955-43A0-8EE7-ED08B077EDF2}.Debug - Int|ARM.Deploy.0 = Debug - Int|Any CPU
		{327EB15D-D955-43A0-8EE7-ED08B077EDF2}.Debug - Int|iPhone.ActiveCfg = Debug - Int|Any CPU
		{327EB15D-D955-43A0-8EE7-ED08B077EDF2}.Debug - Int|iPhone.Build.0 = Debug - Int|Any CPU
		{327EB15D-D955-43A0-8EE7-ED08B077EDF2}.Debug - Int|iPhone.Deploy.0 = Debug - Int|Any CPU
		{327EB15D-D955-43A0-8EE7-ED08B077EDF2}.Debug - Int|iPhoneSimulator.ActiveCfg = Debug - Int|Any CPU
		{327EB15D-D955-43A0-8EE7-ED08B077EDF2}.Debug - Int|iPhoneSimulator.Build.0 = Debug - Int|Any CPU
		{327EB15D-D955-43A0-8EE7-ED08B077EDF2}.Debug - Int|iPhoneSimulator.Deploy.0 = Debug - Int|Any CPU
		{327EB15D-D955-43A0-8EE7-ED08B077EDF2}.Debug - Int|x64.ActiveCfg = Debug - Int|Any CPU
		{327EB15D-D955-43A0-8EE7-ED08B077EDF2}.Debug - Int|x64.Build.0 = Debug - Int|Any CPU
		{327EB15D-D955-43A0-8EE7-ED08B077EDF2}.Debug - Int|x64.Deploy.0 = Debug - Int|Any CPU
		{327EB15D-D955-43A0-8EE7-ED08B077EDF2}.Debug - Int|x86.ActiveCfg = Debug - Int|Any CPU
		{327EB15D-D955-43A0-8EE7-ED08B077EDF2}.Debug - Int|x86.Build.0 = Debug - Int|Any CPU
		{327EB15D-D955-43A0-8EE7-ED08B077EDF2}.Debug - Int|x86.Deploy.0 = Debug - Int|Any CPU
		{327EB15D-D955-43A0-8EE7-ED08B077EDF2}.Debug - Prod|Any CPU.ActiveCfg = Debug - Prod|Any CPU
		{327EB15D-D955-43A0-8EE7-ED08B077EDF2}.Debug - Prod|Any CPU.Build.0 = Debug - Prod|Any CPU
		{327EB15D-D955-43A0-8EE7-ED08B077EDF2}.Debug - Prod|Any CPU.Deploy.0 = Debug - Prod|Any CPU
		{327EB15D-D955-43A0-8EE7-ED08B077EDF2}.Debug - Prod|ARM.ActiveCfg = Debug - Prod|Any CPU
		{327EB15D-D955-43A0-8EE7-ED08B077EDF2}.Debug - Prod|ARM.Build.0 = Debug - Prod|Any CPU
		{327EB15D-D955-43A0-8EE7-ED08B077EDF2}.Debug - Prod|ARM.Deploy.0 = Debug - Prod|Any CPU
		{327EB15D-D955-43A0-8EE7-ED08B077EDF2}.Debug - Prod|iPhone.ActiveCfg = Debug - Prod|Any CPU
		{327EB15D-D955-43A0-8EE7-ED08B077EDF2}.Debug - Prod|iPhone.Build.0 = Debug - Prod|Any CPU
		{327EB15D-D955-43A0-8EE7-ED08B077EDF2}.Debug - Prod|iPhone.Deploy.0 = Debug - Prod|Any CPU
		{327EB15D-D955-43A0-8EE7-ED08B077EDF2}.Debug - Prod|iPhoneSimulator.ActiveCfg = Debug - Prod|Any CPU
		{327EB15D-D955-43A0-8EE7-ED08B077EDF2}.Debug - Prod|iPhoneSimulator.Build.0 = Debug - Prod|Any CPU
		{327EB15D-D955-43A0-8EE7-ED08B077EDF2}.Debug - Prod|iPhoneSimulator.Deploy.0 = Debug - Prod|Any CPU
		{327EB15D-D955-43A0-8EE7-ED08B077EDF2}.Debug - Prod|x64.ActiveCfg = Debug - Prod|Any CPU
		{327EB15D-D955-43A0-8EE7-ED08B077EDF2}.Debug - Prod|x64.Build.0 = Debug - Prod|Any CPU
		{327EB15D-D955-43A0-8EE7-ED08B077EDF2}.Debug - Prod|x64.Deploy.0 = Debug - Prod|Any CPU
		{327EB15D-D955-43A0-8EE7-ED08B077EDF2}.Debug - Prod|x86.ActiveCfg = Debug - Prod|Any CPU
		{327EB15D-D955-43A0-8EE7-ED08B077EDF2}.Debug - Prod|x86.Build.0 = Debug - Prod|Any CPU
		{327EB15D-D955-43A0-8EE7-ED08B077EDF2}.Debug - Prod|x86.Deploy.0 = Debug - Prod|Any CPU
		{327EB15D-D955-43A0-8EE7-ED08B077EDF2}.Debug|Any CPU.ActiveCfg = Debug - Prod|Any CPU
		{327EB15D-D955-43A0-8EE7-ED08B077EDF2}.Debug|Any CPU.Build.0 = Debug - Prod|Any CPU
		{327EB15D-D955-43A0-8EE7-ED08B077EDF2}.Debug|Any CPU.Deploy.0 = Debug - Prod|Any CPU
		{327EB15D-D955-43A0-8EE7-ED08B077EDF2}.Debug|ARM.ActiveCfg = Debug - Prod|Any CPU
		{327EB15D-D955-43A0-8EE7-ED08B077EDF2}.Debug|ARM.Build.0 = Debug - Prod|Any CPU
		{327EB15D-D955-43A0-8EE7-ED08B077EDF2}.Debug|ARM.Deploy.0 = Debug - Prod|Any CPU
		{327EB15D-D955-43A0-8EE7-ED08B077EDF2}.Debug|iPhone.ActiveCfg = Debug - Prod|Any CPU
		{327EB15D-D955-43A0-8EE7-ED08B077EDF2}.Debug|iPhone.Build.0 = Debug - Prod|Any CPU
		{327EB15D-D955-43A0-8EE7-ED08B077EDF2}.Debug|iPhone.Deploy.0 = Debug - Prod|Any CPU
		{327EB15D-D955-43A0-8EE7-ED08B077EDF2}.Debug|iPhoneSimulator.ActiveCfg = Debug - Prod|Any CPU
		{327EB15D-D955-43A0-8EE7-ED08B077EDF2}.Debug|iPhoneSimulator.Build.0 = Debug - Prod|Any CPU
		{327EB15D-D955-43A0-8EE7-ED08B077EDF2}.Debug|iPhoneSimulator.Deploy.0 = Debug - Prod|Any CPU
		{327EB15D-D955-43A0-8EE7-ED08B077EDF2}.Debug|x64.ActiveCfg = Debug - Prod|Any CPU
		{327EB15D-D955-43A0-8EE7-ED08B077EDF2}.Debug|x64.Build.0 = Debug - Prod|Any CPU
		{327EB15D-D955-43A0-8EE7-ED08B077EDF2}.Debug|x64.Deploy.0 = Debug - Prod|Any CPU
		{327EB15D-D955-43A0-8EE7-ED08B077EDF2}.Debug|x86.ActiveCfg = Debug - Prod|Any CPU
		{327EB15D-D955-43A0-8EE7-ED08B077EDF2}.Debug|x86.Build.0 = Debug - Prod|Any CPU
		{327EB15D-D955-43A0-8EE7-ED08B077EDF2}.Debug|x86.Deploy.0 = Debug - Prod|Any CPU
		{327EB15D-D955-43A0-8EE7-ED08B077EDF2}.Release - Dev|Any CPU.ActiveCfg = Release - Dev|Any CPU
		{327EB15D-D955-43A0-8EE7-ED08B077EDF2}.Release - Dev|Any CPU.Build.0 = Release - Dev|Any CPU
		{327EB15D-D955-43A0-8EE7-ED08B077EDF2}.Release - Dev|Any CPU.Deploy.0 = Release - Dev|Any CPU
		{327EB15D-D955-43A0-8EE7-ED08B077EDF2}.Release - Dev|ARM.ActiveCfg = Release - Dev|Any CPU
		{327EB15D-D955-43A0-8EE7-ED08B077EDF2}.Release - Dev|ARM.Build.0 = Release - Dev|Any CPU
		{327EB15D-D955-43A0-8EE7-ED08B077EDF2}.Release - Dev|ARM.Deploy.0 = Release - Dev|Any CPU
		{327EB15D-D955-43A0-8EE7-ED08B077EDF2}.Release - Dev|iPhone.ActiveCfg = Release - Dev|Any CPU
		{327EB15D-D955-43A0-8EE7-ED08B077EDF2}.Release - Dev|iPhone.Build.0 = Release - Dev|Any CPU
		{327EB15D-D955-43A0-8EE7-ED08B077EDF2}.Release - Dev|iPhone.Deploy.0 = Release - Dev|Any CPU
		{327EB15D-D955-43A0-8EE7-ED08B077EDF2}.Release - Dev|iPhoneSimulator.ActiveCfg = Release - Dev|Any CPU
		{327EB15D-D955-43A0-8EE7-ED08B077EDF2}.Release - Dev|iPhoneSimulator.Build.0 = Release - Dev|Any CPU
		{327EB15D-D955-43A0-8EE7-ED08B077EDF2}.Release - Dev|iPhoneSimulator.Deploy.0 = Release - Dev|Any CPU
		{327EB15D-D955-43A0-8EE7-ED08B077EDF2}.Release - Dev|x64.ActiveCfg = Release - Dev|Any CPU
		{327EB15D-D955-43A0-8EE7-ED08B077EDF2}.Release - Dev|x64.Build.0 = Release - Dev|Any CPU
		{327EB15D-D955-43A0-8EE7-ED08B077EDF2}.Release - Dev|x64.Deploy.0 = Release - Dev|Any CPU
		{327EB15D-D955-43A0-8EE7-ED08B077EDF2}.Release - Dev|x86.ActiveCfg = Release - Dev|Any CPU
		{327EB15D-D955-43A0-8EE7-ED08B077EDF2}.Release - Dev|x86.Build.0 = Release - Dev|Any CPU
		{327EB15D-D955-43A0-8EE7-ED08B077EDF2}.Release - Dev|x86.Deploy.0 = Release - Dev|Any CPU
		{327EB15D-D955-43A0-8EE7-ED08B077EDF2}.Release - Int|Any CPU.ActiveCfg = Release - Int|Any CPU
		{327EB15D-D955-43A0-8EE7-ED08B077EDF2}.Release - Int|Any CPU.Build.0 = Release - Int|Any CPU
		{327EB15D-D955-43A0-8EE7-ED08B077EDF2}.Release - Int|Any CPU.Deploy.0 = Release - Int|Any CPU
		{327EB15D-D955-43A0-8EE7-ED08B077EDF2}.Release - Int|ARM.ActiveCfg = Release - Int|Any CPU
		{327EB15D-D955-43A0-8EE7-ED08B077EDF2}.Release - Int|ARM.Build.0 = Release - Int|Any CPU
		{327EB15D-D955-43A0-8EE7-ED08B077EDF2}.Release - Int|ARM.Deploy.0 = Release - Int|Any CPU
		{327EB15D-D955-43A0-8EE7-ED08B077EDF2}.Release - Int|iPhone.ActiveCfg = Release - Int|Any CPU
		{327EB15D-D955-43A0-8EE7-ED08B077EDF2}.Release - Int|iPhone.Build.0 = Release - Int|Any CPU
		{327EB15D-D955-43A0-8EE7-ED08B077EDF2}.Release - Int|iPhone.Deploy.0 = Release - Int|Any CPU
		{327EB15D-D955-43A0-8EE7-ED08B077EDF2}.Release - Int|iPhoneSimulator.ActiveCfg = Release - Int|Any CPU
		{327EB15D-D955-43A0-8EE7-ED08B077EDF2}.Release - Int|iPhoneSimulator.Build.0 = Release - Int|Any CPU
		{327EB15D-D955-43A0-8EE7-ED08B077EDF2}.Release - Int|iPhoneSimulator.Deploy.0 = Release - Int|Any CPU
		{327EB15D-D955-43A0-8EE7-ED08B077EDF2}.Release - Int|x64.ActiveCfg = Release - Int|Any CPU
		{327EB15D-D955-43A0-8EE7-ED08B077EDF2}.Release - Int|x64.Build.0 = Release - Int|Any CPU
		{327EB15D-D955-43A0-8EE7-ED08B077EDF2}.Release - Int|x64.Deploy.0 = Release - Int|Any CPU
		{327EB15D-D955-43A0-8EE7-ED08B077EDF2}.Release - Int|x86.ActiveCfg = Release - Int|Any CPU
		{327EB15D-D955-43A0-8EE7-ED08B077EDF2}.Release - Int|x86.Build.0 = Release - Int|Any CPU
		{327EB15D-D955-43A0-8EE7-ED08B077EDF2}.Release - Int|x86.Deploy.0 = Release - Int|Any CPU
		{327EB15D-D955-43A0-8EE7-ED08B077EDF2}.Release - Prod|Any CPU.ActiveCfg = Release - Prod|Any CPU
		{327EB15D-D955-43A0-8EE7-ED08B077EDF2}.Release - Prod|Any CPU.Build.0 = Release - Prod|Any CPU
		{327EB15D-D955-43A0-8EE7-ED08B077EDF2}.Release - Prod|Any CPU.Deploy.0 = Release - Prod|Any CPU
		{327EB15D-D955-43A0-8EE7-ED08B077EDF2}.Release - Prod|ARM.ActiveCfg = Release - Prod|Any CPU
		{327EB15D-D955-43A0-8EE7-ED08B077EDF2}.Release - Prod|ARM.Build.0 = Release - Prod|Any CPU
		{327EB15D-D955-43A0-8EE7-ED08B077EDF2}.Release - Prod|ARM.Deploy.0 = Release - Prod|Any CPU
		{327EB15D-D955-43A0-8EE7-ED08B077EDF2}.Release - Prod|iPhone.ActiveCfg = Release - Prod|Any CPU
		{327EB15D-D955-43A0-8EE7-ED08B077EDF2}.Release - Prod|iPhone.Build.0 = Release - Prod|Any CPU
		{327EB15D-D955-43A0-8EE7-ED08B077EDF2}.Release - Prod|iPhone.Deploy.0 = Release - Prod|Any CPU
		{327EB15D-D955-43A0-8EE7-ED08B077EDF2}.Release - Prod|iPhoneSimulator.ActiveCfg = Release - Prod|Any CPU
		{327EB15D-D955-43A0-8EE7-ED08B077EDF2}.Release - Prod|iPhoneSimulator.Build.0 = Release - Prod|Any CPU
		{327EB15D-D955-43A0-8EE7-ED08B077EDF2}.Release - Prod|iPhoneSimulator.Deploy.0 = Release - Prod|Any CPU
		{327EB15D-D955-43A0-8EE7-ED08B077EDF2}.Release - Prod|x64.ActiveCfg = Release - Prod|Any CPU
		{327EB15D-D955-43A0-8EE7-ED08B077EDF2}.Release - Prod|x64.Build.0 = Release - Prod|Any CPU
		{327EB15D-D955-43A0-8EE7-ED08B077EDF2}.Release - Prod|x64.Deploy.0 = Release - Prod|Any CPU
		{327EB15D-D955-43A0-8EE7-ED08B077EDF2}.Release - Prod|x86.ActiveCfg = Release - Prod|Any CPU
		{327EB15D-D955-43A0-8EE7-ED08B077EDF2}.Release - Prod|x86.Build.0 = Release - Prod|Any CPU
		{327EB15D-D955-43A0-8EE7-ED08B077EDF2}.Release - Prod|x86.Deploy.0 = Release - Prod|Any CPU
		{327EB15D-D955-43A0-8EE7-ED08B077EDF2}.Release|Any CPU.ActiveCfg = Release - Int|Any CPU
		{327EB15D-D955-43A0-8EE7-ED08B077EDF2}.Release|Any CPU.Build.0 = Release - Int|Any CPU
		{327EB15D-D955-43A0-8EE7-ED08B077EDF2}.Release|Any CPU.Deploy.0 = Release - Int|Any CPU
		{327EB15D-D955-43A0-8EE7-ED08B077EDF2}.Release|ARM.ActiveCfg = Release - Int|Any CPU
		{327EB15D-D955-43A0-8EE7-ED08B077EDF2}.Release|ARM.Build.0 = Release - Int|Any CPU
		{327EB15D-D955-43A0-8EE7-ED08B077EDF2}.Release|ARM.Deploy.0 = Release - Int|Any CPU
		{327EB15D-D955-43A0-8EE7-ED08B077EDF2}.Release|iPhone.ActiveCfg = Release - Int|Any CPU
		{327EB15D-D955-43A0-8EE7-ED08B077EDF2}.Release|iPhone.Build.0 = Release - Int|Any CPU
		{327EB15D-D955-43A0-8EE7-ED08B077EDF2}.Release|iPhone.Deploy.0 = Release - Int|Any CPU
		{327EB15D-D955-43A0-8EE7-ED08B077EDF2}.Release|iPhoneSimulator.ActiveCfg = Release - Int|Any CPU
		{327EB15D-D955-43A0-8EE7-ED08B077EDF2}.Release|iPhoneSimulator.Build.0 = Release - Int|Any CPU
		{327EB15D-D955-43A0-8EE7-ED08B077EDF2}.Release|iPhoneSimulator.Deploy.0 = Release - Int|Any CPU
		{327EB15D-D955-43A0-8EE7-ED08B077EDF2}.Release|x64.ActiveCfg = Release - Int|Any CPU
		{327EB15D-D955-43A0-8EE7-ED08B077EDF2}.Release|x64.Build.0 = Release - Int|Any CPU
		{327EB15D-D955-43A0-8EE7-ED08B077EDF2}.Release|x64.Deploy.0 = Release - Int|Any CPU
		{327EB15D-D955-43A0-8EE7-ED08B077EDF2}.Release|x86.ActiveCfg = Release - Int|Any CPU
		{327EB15D-D955-43A0-8EE7-ED08B077EDF2}.Release|x86.Build.0 = Release - Int|Any CPU
		{327EB15D-D955-43A0-8EE7-ED08B077EDF2}.Release|x86.Deploy.0 = Release - Int|Any CPU
		{A2907718-E4D9-45F8-B021-E2C44D45E454}.AppStore|Any CPU.ActiveCfg = AppStore|iPhone
		{A2907718-E4D9-45F8-B021-E2C44D45E454}.AppStore|ARM.ActiveCfg = AppStore|iPhoneSimulator
		{A2907718-E4D9-45F8-B021-E2C44D45E454}.AppStore|iPhone.ActiveCfg = AppStore|iPhone
		{A2907718-E4D9-45F8-B021-E2C44D45E454}.AppStore|iPhone.Build.0 = AppStore|iPhone
		{A2907718-E4D9-45F8-B021-E2C44D45E454}.AppStore|iPhoneSimulator.ActiveCfg = AppStore|iPhoneSimulator
		{A2907718-E4D9-45F8-B021-E2C44D45E454}.AppStore|iPhoneSimulator.Build.0 = AppStore|iPhoneSimulator
		{A2907718-E4D9-45F8-B021-E2C44D45E454}.AppStore|x64.ActiveCfg = AppStore|iPhoneSimulator
		{A2907718-E4D9-45F8-B021-E2C44D45E454}.AppStore|x86.ActiveCfg = AppStore|iPhoneSimulator
		{A2907718-E4D9-45F8-B021-E2C44D45E454}.Debug - Dev|Any CPU.ActiveCfg = Debug - Dev|iPhone
		{A2907718-E4D9-45F8-B021-E2C44D45E454}.Debug - Dev|ARM.ActiveCfg = Debug - Dev|iPhoneSimulator
		{A2907718-E4D9-45F8-B021-E2C44D45E454}.Debug - Dev|iPhone.ActiveCfg = Debug - Dev|iPhone
		{A2907718-E4D9-45F8-B021-E2C44D45E454}.Debug - Dev|iPhone.Build.0 = Debug - Dev|iPhone
		{A2907718-E4D9-45F8-B021-E2C44D45E454}.Debug - Dev|iPhoneSimulator.ActiveCfg = Debug - Dev|iPhoneSimulator
		{A2907718-E4D9-45F8-B021-E2C44D45E454}.Debug - Dev|iPhoneSimulator.Build.0 = Debug - Dev|iPhoneSimulator
		{A2907718-E4D9-45F8-B021-E2C44D45E454}.Debug - Dev|x64.ActiveCfg = Debug - Dev|iPhoneSimulator
		{A2907718-E4D9-45F8-B021-E2C44D45E454}.Debug - Dev|x86.ActiveCfg = Debug - Dev|iPhoneSimulator
		{A2907718-E4D9-45F8-B021-E2C44D45E454}.Debug - Int|Any CPU.ActiveCfg = Debug - Int|iPhone
		{A2907718-E4D9-45F8-B021-E2C44D45E454}.Debug - Int|ARM.ActiveCfg = Debug - Int|iPhoneSimulator
		{A2907718-E4D9-45F8-B021-E2C44D45E454}.Debug - Int|iPhone.ActiveCfg = Debug - Int|iPhone
		{A2907718-E4D9-45F8-B021-E2C44D45E454}.Debug - Int|iPhoneSimulator.ActiveCfg = Debug - Int|iPhoneSimulator
		{A2907718-E4D9-45F8-B021-E2C44D45E454}.Debug - Int|x64.ActiveCfg = Debug - Int|iPhoneSimulator
		{A2907718-E4D9-45F8-B021-E2C44D45E454}.Debug - Int|x86.ActiveCfg = Debug - Int|iPhoneSimulator
		{A2907718-E4D9-45F8-B021-E2C44D45E454}.Debug - Prod|Any CPU.ActiveCfg = Debug - Prod|iPhone
		{A2907718-E4D9-45F8-B021-E2C44D45E454}.Debug - Prod|ARM.ActiveCfg = Debug - Prod|iPhoneSimulator
		{A2907718-E4D9-45F8-B021-E2C44D45E454}.Debug - Prod|iPhone.ActiveCfg = Debug - Prod|iPhone
		{A2907718-E4D9-45F8-B021-E2C44D45E454}.Debug - Prod|iPhoneSimulator.ActiveCfg = Debug - Prod|iPhoneSimulator
		{A2907718-E4D9-45F8-B021-E2C44D45E454}.Debug - Prod|x64.ActiveCfg = Debug - Prod|iPhoneSimulator
		{A2907718-E4D9-45F8-B021-E2C44D45E454}.Debug - Prod|x86.ActiveCfg = Debug - Prod|iPhoneSimulator
		{A2907718-E4D9-45F8-B021-E2C44D45E454}.Debug|Any CPU.ActiveCfg = Release - Prod|iPhoneSimulator
		{A2907718-E4D9-45F8-B021-E2C44D45E454}.Debug|Any CPU.Build.0 = Release - Prod|iPhoneSimulator
		{A2907718-E4D9-45F8-B021-E2C44D45E454}.Debug|ARM.ActiveCfg = Release - Prod|iPhoneSimulator
		{A2907718-E4D9-45F8-B021-E2C44D45E454}.Debug|ARM.Build.0 = Release - Prod|iPhoneSimulator
		{A2907718-E4D9-45F8-B021-E2C44D45E454}.Debug|iPhone.ActiveCfg = Debug - Prod|iPhone
		{A2907718-E4D9-45F8-B021-E2C44D45E454}.Debug|iPhone.Build.0 = Debug - Prod|iPhone
		{A2907718-E4D9-45F8-B021-E2C44D45E454}.Debug|iPhoneSimulator.ActiveCfg = Debug - Prod|iPhoneSimulator
		{A2907718-E4D9-45F8-B021-E2C44D45E454}.Debug|iPhoneSimulator.Build.0 = Debug - Prod|iPhoneSimulator
		{A2907718-E4D9-45F8-B021-E2C44D45E454}.Debug|x64.ActiveCfg = Release - Prod|iPhoneSimulator
		{A2907718-E4D9-45F8-B021-E2C44D45E454}.Debug|x64.Build.0 = Release - Prod|iPhoneSimulator
		{A2907718-E4D9-45F8-B021-E2C44D45E454}.Debug|x86.ActiveCfg = Release - Prod|iPhoneSimulator
		{A2907718-E4D9-45F8-B021-E2C44D45E454}.Debug|x86.Build.0 = Release - Prod|iPhoneSimulator
		{A2907718-E4D9-45F8-B021-E2C44D45E454}.Release - Dev|Any CPU.ActiveCfg = Release - Dev|iPhone
		{A2907718-E4D9-45F8-B021-E2C44D45E454}.Release - Dev|ARM.ActiveCfg = Release - Dev|iPhoneSimulator
		{A2907718-E4D9-45F8-B021-E2C44D45E454}.Release - Dev|iPhone.ActiveCfg = Release - Dev|iPhone
		{A2907718-E4D9-45F8-B021-E2C44D45E454}.Release - Dev|iPhone.Build.0 = Release - Dev|iPhone
		{A2907718-E4D9-45F8-B021-E2C44D45E454}.Release - Dev|iPhoneSimulator.ActiveCfg = Release - Dev|iPhoneSimulator
		{A2907718-E4D9-45F8-B021-E2C44D45E454}.Release - Dev|iPhoneSimulator.Build.0 = Release - Dev|iPhoneSimulator
		{A2907718-E4D9-45F8-B021-E2C44D45E454}.Release - Dev|x64.ActiveCfg = Release - Dev|iPhoneSimulator
		{A2907718-E4D9-45F8-B021-E2C44D45E454}.Release - Dev|x86.ActiveCfg = Release - Dev|iPhoneSimulator
		{A2907718-E4D9-45F8-B021-E2C44D45E454}.Release - Int|Any CPU.ActiveCfg = Release - Int|iPhone
		{A2907718-E4D9-45F8-B021-E2C44D45E454}.Release - Int|ARM.ActiveCfg = Release - Int|iPhoneSimulator
		{A2907718-E4D9-45F8-B021-E2C44D45E454}.Release - Int|iPhone.ActiveCfg = Release - Int|iPhone
		{A2907718-E4D9-45F8-B021-E2C44D45E454}.Release - Int|iPhone.Build.0 = Release - Int|iPhone
		{A2907718-E4D9-45F8-B021-E2C44D45E454}.Release - Int|iPhoneSimulator.ActiveCfg = Release - Int|iPhoneSimulator
		{A2907718-E4D9-45F8-B021-E2C44D45E454}.Release - Int|iPhoneSimulator.Build.0 = Release - Int|iPhoneSimulator
		{A2907718-E4D9-45F8-B021-E2C44D45E454}.Release - Int|x64.ActiveCfg = Release - Int|iPhoneSimulator
		{A2907718-E4D9-45F8-B021-E2C44D45E454}.Release - Int|x86.ActiveCfg = Release - Int|iPhoneSimulator
		{A2907718-E4D9-45F8-B021-E2C44D45E454}.Release - Prod|Any CPU.ActiveCfg = Release - Prod|iPhone
		{A2907718-E4D9-45F8-B021-E2C44D45E454}.Release - Prod|ARM.ActiveCfg = Release - Prod|iPhoneSimulator
		{A2907718-E4D9-45F8-B021-E2C44D45E454}.Release - Prod|iPhone.ActiveCfg = Release - Prod|iPhone
		{A2907718-E4D9-45F8-B021-E2C44D45E454}.Release - Prod|iPhone.Build.0 = Release - Prod|iPhone
		{A2907718-E4D9-45F8-B021-E2C44D45E454}.Release - Prod|iPhoneSimulator.ActiveCfg = Release - Prod|iPhoneSimulator
		{A2907718-E4D9-45F8-B021-E2C44D45E454}.Release - Prod|iPhoneSimulator.Build.0 = Release - Prod|iPhoneSimulator
		{A2907718-E4D9-45F8-B021-E2C44D45E454}.Release - Prod|x64.ActiveCfg = Release - Prod|iPhoneSimulator
		{A2907718-E4D9-45F8-B021-E2C44D45E454}.Release - Prod|x86.ActiveCfg = Release - Prod|iPhoneSimulator
		{A2907718-E4D9-45F8-B021-E2C44D45E454}.Release|Any CPU.ActiveCfg = Release - Prod|iPhoneSimulator
		{A2907718-E4D9-45F8-B021-E2C44D45E454}.Release|Any CPU.Build.0 = Release - Prod|iPhoneSimulator
		{A2907718-E4D9-45F8-B021-E2C44D45E454}.Release|ARM.ActiveCfg = Release - Prod|iPhoneSimulator
		{A2907718-E4D9-45F8-B021-E2C44D45E454}.Release|ARM.Build.0 = Release - Prod|iPhoneSimulator
		{A2907718-E4D9-45F8-B021-E2C44D45E454}.Release|iPhone.ActiveCfg = Release - Prod|iPhone
		{A2907718-E4D9-45F8-B021-E2C44D45E454}.Release|iPhone.Build.0 = Release - Prod|iPhone
		{A2907718-E4D9-45F8-B021-E2C44D45E454}.Release|iPhoneSimulator.ActiveCfg = Release - Prod|iPhoneSimulator
		{A2907718-E4D9-45F8-B021-E2C44D45E454}.Release|iPhoneSimulator.Build.0 = Release - Prod|iPhoneSimulator
		{A2907718-E4D9-45F8-B021-E2C44D45E454}.Release|x64.ActiveCfg = Release - Prod|iPhoneSimulator
		{A2907718-E4D9-45F8-B021-E2C44D45E454}.Release|x64.Build.0 = Release - Prod|iPhoneSimulator
		{A2907718-E4D9-45F8-B021-E2C44D45E454}.Release|x86.ActiveCfg = Release - Prod|iPhoneSimulator
		{A2907718-E4D9-45F8-B021-E2C44D45E454}.Release|x86.Build.0 = Release - Prod|iPhoneSimulator
	EndGlobalSection
	GlobalSection(SolutionProperties) = preSolution
		HideSolutionNode = FALSE
	EndGlobalSection
	GlobalSection(NestedProjects) = preSolution
		{ED7E7BA4-28F0-4E11-B888-89D8747B48FC} = {CE399D23-3A62-4DDA-94B1-8312F5D8813E}
		{3E6B2473-654A-4F5C-8525-64C0C99637B8} = {CE399D23-3A62-4DDA-94B1-8312F5D8813E}
	EndGlobalSection
	GlobalSection(ExtensibilityGlobals) = postSolution
		SolutionGuid = {AB196147-ADA5-461B-B644-13D41D087C61}
	EndGlobalSection
EndGlobal
